
Microsoft Visual Studio Solution File, Format Version 12.00
# Visual Studio Version 17
VisualStudioVersion = 17.6.33815.320
MinimumVisualStudioVersion = 10.0.40219.1
Project("{FAE04EC0-301F-11D3-BF4B-00C04F79EFBC}") = "PilasColas.UX", "PilasColas.UX\PilasColas.UX.csproj", "{D981D66E-AD5D-4D42-ACE4-8F620E972310}"
EndProject
Project("{FAE04EC0-301F-11D3-BF4B-00C04F79EFBC}") = "PilasColas.Logic", "PilasColas.Logic\PilasColas.Logic.csproj", "{925F5D7F-5950-4CD0-9A31-FF5ECB7C6A84}"
EndProject
Global
	GlobalSection(SolutionConfigurationPlatforms) = preSolution
		Debug|Any CPU = Debug|Any CPU
		Release|Any CPU = Release|Any CPU
	EndGlobalSection
	GlobalSection(ProjectConfigurationPlatforms) = postSolution
		{D981D66E-AD5D-4D42-ACE4-8F620E972310}.Debug|Any CPU.ActiveCfg = Debug|Any CPU
		{D981D66E-AD5D-4D42-ACE4-8F620E972310}.Debug|Any CPU.Build.0 = Debug|Any CPU
		{D981D66E-AD5D-4D42-ACE4-8F620E972310}.Release|Any CPU.ActiveCfg = Release|Any CPU
		{D981D66E-AD5D-4D42-ACE4-8F620E972310}.Release|Any CPU.Build.0 = Release|Any CPU
		{925F5D7F-5950-4CD0-9A31-FF5ECB7C6A84}.Debug|Any CPU.ActiveCfg = Debug|Any CPU
		{925F5D7F-5950-4CD0-9A31-FF5ECB7C6A84}.Debug|Any CPU.Build.0 = Debug|Any CPU
		{925F5D7F-5950-4CD0-9A31-FF5ECB7C6A84}.Release|Any CPU.ActiveCfg = Release|Any CPU
		{925F5D7F-5950-4CD0-9A31-FF5ECB7C6A84}.Release|Any CPU.Build.0 = Release|Any CPU
	EndGlobalSection
	GlobalSection(SolutionProperties) = preSolution
		HideSolutionNode = FALSE
	EndGlobalSection
	GlobalSection(ExtensibilityGlobals) = postSolution
		SolutionGuid = {AF58066F-DC56-4D15-A99F-4184B185BF15}
	EndGlobalSection
EndGlobal
